
Microsoft Visual Studio Solution File, Format Version 12.00
# Visual Studio Version 16
VisualStudioVersion = 16.0.31019.35
MinimumVisualStudioVersion = 10.0.40219.1
Project("{FAE04EC0-301F-11D3-BF4B-00C04F79EFBC}") = "DataAccess", "DataAccess\DataAccess.csproj", "{423A5766-052D-4F5B-B216-42A2D74DC40F}"
EndProject
Project("{FAE04EC0-301F-11D3-BF4B-00C04F79EFBC}") = "Entities", "Entities\Entities.csproj", "{285F85F4-D8AD-45BD-A7CD-5813C1AD2230}"
EndProject
Project("{FAE04EC0-301F-11D3-BF4B-00C04F79EFBC}") = "Business", "Business\Business.csproj", "{3A4637D5-540B-44EC-A80D-C9A3C7D4FAEC}"
EndProject
Project("{FAE04EC0-301F-11D3-BF4B-00C04F79EFBC}") = "Core", "Core\Core.csproj", "{FDD07BEF-650C-432A-BADB-A124BF46A55E}"
EndProject
Project("{FAE04EC0-301F-11D3-BF4B-00C04F79EFBC}") = "ConsoleUI", "ConsoleUI\ConsoleUI.csproj", "{462123A7-FAAC-45C1-A204-C12E24DF1837}"
EndProject
Project("{FAE04EC0-301F-11D3-BF4B-00C04F79EFBC}") = "WebAPI", "WebAPI\WebAPI.csproj", "{B43C15DD-6D4F-47C2-BC42-1AA0BB133EB2}"
EndProject
Global
	GlobalSection(SolutionConfigurationPlatforms) = preSolution
		Debug|Any CPU = Debug|Any CPU
		Release|Any CPU = Release|Any CPU
	EndGlobalSection
	GlobalSection(ProjectConfigurationPlatforms) = postSolution
		{423A5766-052D-4F5B-B216-42A2D74DC40F}.Debug|Any CPU.ActiveCfg = Debug|Any CPU
		{423A5766-052D-4F5B-B216-42A2D74DC40F}.Debug|Any CPU.Build.0 = Debug|Any CPU
		{423A5766-052D-4F5B-B216-42A2D74DC40F}.Release|Any CPU.ActiveCfg = Release|Any CPU
		{423A5766-052D-4F5B-B216-42A2D74DC40F}.Release|Any CPU.Build.0 = Release|Any CPU
		{285F85F4-D8AD-45BD-A7CD-5813C1AD2230}.Debug|Any CPU.ActiveCfg = Debug|Any CPU
		{285F85F4-D8AD-45BD-A7CD-5813C1AD2230}.Debug|Any CPU.Build.0 = Debug|Any CPU
		{285F85F4-D8AD-45BD-A7CD-5813C1AD2230}.Release|Any CPU.ActiveCfg = Release|Any CPU
		{285F85F4-D8AD-45BD-A7CD-5813C1AD2230}.Release|Any CPU.Build.0 = Release|Any CPU
		{3A4637D5-540B-44EC-A80D-C9A3C7D4FAEC}.Debug|Any CPU.ActiveCfg = Debug|Any CPU
		{3A4637D5-540B-44EC-A80D-C9A3C7D4FAEC}.Debug|Any CPU.Build.0 = Debug|Any CPU
		{3A4637D5-540B-44EC-A80D-C9A3C7D4FAEC}.Release|Any CPU.ActiveCfg = Release|Any CPU
		{3A4637D5-540B-44EC-A80D-C9A3C7D4FAEC}.Release|Any CPU.Build.0 = Release|Any CPU
		{FDD07BEF-650C-432A-BADB-A124BF46A55E}.Debug|Any CPU.ActiveCfg = Debug|Any CPU
		{FDD07BEF-650C-432A-BADB-A124BF46A55E}.Debug|Any CPU.Build.0 = Debug|Any CPU
		{FDD07BEF-650C-432A-BADB-A124BF46A55E}.Release|Any CPU.ActiveCfg = Release|Any CPU
		{FDD07BEF-650C-432A-BADB-A124BF46A55E}.Release|Any CPU.Build.0 = Release|Any CPU
		{462123A7-FAAC-45C1-A204-C12E24DF1837}.Debug|Any CPU.ActiveCfg = Debug|Any CPU
		{462123A7-FAAC-45C1-A204-C12E24DF1837}.Debug|Any CPU.Build.0 = Debug|Any CPU
		{462123A7-FAAC-45C1-A204-C12E24DF1837}.Release|Any CPU.ActiveCfg = Release|Any CPU
		{462123A7-FAAC-45C1-A204-C12E24DF1837}.Release|Any CPU.Build.0 = Release|Any CPU
		{B43C15DD-6D4F-47C2-BC42-1AA0BB133EB2}.Debug|Any CPU.ActiveCfg = Debug|Any CPU
		{B43C15DD-6D4F-47C2-BC42-1AA0BB133EB2}.Debug|Any CPU.Build.0 = Debug|Any CPU
		{B43C15DD-6D4F-47C2-BC42-1AA0BB133EB2}.Release|Any CPU.ActiveCfg = Release|Any CPU
		{B43C15DD-6D4F-47C2-BC42-1AA0BB133EB2}.Release|Any CPU.Build.0 = Release|Any CPU
	EndGlobalSection
	GlobalSection(SolutionProperties) = preSolution
		HideSolutionNode = FALSE
	EndGlobalSection
	GlobalSection(ExtensibilityGlobals) = postSolution
		SolutionGuid = {ACBBD20C-53BA-48AB-9438-99F9E672AF46}
	EndGlobalSection
EndGlobal
